# @generated - this file is auto-generated by `mise lock` https://mise.jdx.dev/dev-tools/mise-lock.html

[[tools.hk]]
version = "1.53.0"
backend = "aqua:jdx/hk"

[tools.hk."platforms.linux-arm64"]
checksum = "sha256:3cf58d268a9114f0923a06c38cf0995b9da43bf2279b09aac3c3c615a615b3e4"
url = "https://github.com/jdx/hk/releases/download/v1.53.0/hk-aarch64-unknown-linux-gnu.tar.gz"
url_api = "https://api.github.com/repos/jdx/hk/releases/assets/487429257"

[tools.hk."platforms.linux-x64"]
checksum = "sha256:960c14b3bcd61e36dcb42c304e3cc23b22ef2e6f28ac6559e3856d27acf6b54a"
url = "https://github.com/jdx/hk/releases/download/v1.53.0/hk-x86_64-unknown-linux-gnu.tar.gz"
url_api = "https://api.github.com/repos/jdx/hk/releases/assets/487429267"

[tools.hk."platforms.linux-x64-musl"]
checksum = "sha256:c2075be6f6d4b3606450bdcb58ce5d17d9668804e8ee4f9d93dda596cae2de55"
url = "https://github.com/jdx/hk/releases/download/v1.53.0/hk-x86_64-unknown-linux-musl.tar.gz"
url_api = "https://api.github.com/repos/jdx/hk/releases/assets/487429272"

[tools.hk."platforms.macos-arm64"]
checksum = "sha256:d5c1f9a4c3598cc72c9f15908af6e036b138b9dd97c8891e4d08f699c98a5069"
url = "https://github.com/jdx/hk/releases/download/v1.53.0/hk-aarch64-apple-darwin.tar.gz"
url_api = "https://api.github.com/repos/jdx/hk/releases/assets/487429255"

[tools.hk."platforms.windows-x64"]
checksum = "sha256:a2e5c6131d01cfd6d62204872798f97fc933e7f142d718b3e191434e2d31ef1c"
url = "https://github.com/jdx/hk/releases/download/v1.53.0/hk-x86_64-pc-windows-msvc.zip"
url_api = "https://api.github.com/repos/jdx/hk/releases/assets/487429261"

[[tools.java]]
version = "temurin-17.0.20+8"
backend = "core:java"

[tools.java."platforms.linux-arm64"]
checksum = "sha256:d143936f473a4cb24e3b0e247d6d0775769d55ec9775c339540e753059a8d77a"
url = "https://github.com/adoptium/temurin17-binaries/releases/download/jdk-17.0.20%2B8/OpenJDK17U-jdk_aarch64_linux_hotspot_17.0.20_8.tar.gz"

[tools.java."platforms.linux-x64"]
checksum = "sha256:be7668bc030d578b83d6d5ef9221d6d6729bbbca8cf94a7d52e16ac68b5a5a35"
url = "https://github.com/adoptium/temurin17-binaries/releases/download/jdk-17.0.20%2B8/OpenJDK17U-jdk_x64_linux_hotspot_17.0.20_8.tar.gz"

[tools.java."platforms.linux-x64-musl"]
checksum = "sha256:c8bb5bc6984762dbce2ab7403d90832b6897c07f36f8706e4a315aa7a566d04d"
url = "https://github.com/adoptium/temurin17-binaries/releases/download/jdk-17.0.20%2B8/OpenJDK17U-jdk_x64_alpine-linux_hotspot_17.0.20_8.tar.gz"

[tools.java."platforms.macos-arm64"]
checksum = "sha256:524850138c742324fb21fca4ff6ef68ea25f25bf59366a864e45b4a0c45ed0df"
url = "https://github.com/adoptium/temurin17-binaries/releases/download/jdk-17.0.20%2B8/OpenJDK17U-jdk_aarch64_mac_hotspot_17.0.20_8.tar.gz"

[tools.java."platforms.macos-x64"]
checksum = "sha256:3710c3131c5d7c090582b357f1310133a90bf701183d065223f1a0b90b9ed5ae"
url = "https://github.com/adoptium/temurin17-binaries/releases/download/jdk-17.0.20%2B8/OpenJDK17U-jdk_x64_mac_hotspot_17.0.20_8.tar.gz"

[tools.java."platforms.windows-x64"]
checksum = "sha256:418497be5cf585bdd2203d6486a565d66d3f5e992d5630d45104cb873fab8122"
url = "https://github.com/adoptium/temurin17-binaries/releases/download/jdk-17.0.20%2B8/OpenJDK17U-jdk_x64_windows_hotspot_17.0.20_8.zip"

[[tools.pkl]]
version = "0.32.1"
backend = "aqua:apple/pkl"

[tools.pkl."platforms.linux-arm64"]
checksum = "sha256:a76d2dd47da435a8f911b0347373f47c7e59ea54fb75ff846d20b8df10dba058"
url = "https://github.com/apple/pkl/releases/download/0.32.1/pkl-linux-aarch64"
url_api = "https://api.github.com/repos/apple/pkl/releases/assets/487426568"

[tools.pkl."platforms.linux-x64"]
checksum = "sha256:3180b62da95c0cad1d904e9bb6c5f4a8f9032413c21e53194bb91ff1ee5f3211"
url = "https://github.com/apple/pkl/releases/download/0.32.1/pkl-linux-amd64"
url_api = "https://api.github.com/repos/apple/pkl/releases/assets/487426567"

[tools.pkl."platforms.linux-x64-musl"]
checksum = "sha256:3180b62da95c0cad1d904e9bb6c5f4a8f9032413c21e53194bb91ff1ee5f3211"
url = "https://github.com/apple/pkl/releases/download/0.32.1/pkl-linux-amd64"
url_api = "https://api.github.com/repos/apple/pkl/releases/assets/487426567"

[tools.pkl."platforms.macos-arm64"]
checksum = "sha256:563eb51c9a20b16a3625464ed745c675ed9750381f2126722696a0d7cac1d9d3"
url = "https://github.com/apple/pkl/releases/download/0.32.1/pkl-macos-aarch64"
url_api = "https://api.github.com/repos/apple/pkl/releases/assets/487426570"

[tools.pkl."platforms.macos-x64"]
checksum = "sha256:5b74b903234047960144f66f2cebdd12d267d9b98e8155ed91d2ae5ed27e2d1f"
url = "https://github.com/apple/pkl/releases/download/0.32.1/pkl-macos-amd64"
url_api = "https://api.github.com/repos/apple/pkl/releases/assets/487426599"

[tools.pkl."platforms.windows-x64"]
checksum = "sha256:8550a00fcf027335e42c5e2cd553b88e98845408cb1880b3e3d1860caf46d22a"
url = "https://github.com/apple/pkl/releases/download/0.32.1/pkl-windows-amd64.exe"
url_api = "https://api.github.com/repos/apple/pkl/releases/assets/487426668"
